// !$*UTF8*$!
{
	archiveVersion = 1;
	classes = {
	};
	objectVersion = 56;
	objects = {

/* Begin PBXBuildFile section */
		A10000000000000000000001 /* GraVolControlApp.swift in Sources */ = {isa = PBXBuildFile; fileRef = A20000000000000000000001 /* GraVolControlApp.swift */; };
		A10000000000000000000002 /* AppModel.swift in Sources */ = {isa = PBXBuildFile; fileRef = A20000000000000000000002 /* AppModel.swift */; };
		A10000000000000000000003 /* ContentView.swift in Sources */ = {isa = PBXBuildFile; fileRef = A20000000000000000000003 /* ContentView.swift */; };
		A10000000000000000000004 /* SystemVolumeBridgeView.swift in Sources */ = {isa = PBXBuildFile; fileRef = A20000000000000000000004 /* SystemVolumeBridgeView.swift */; };
		A10000000000000000000005 /* TiltVolumeController.swift in Sources */ = {isa = PBXBuildFile; fileRef = A20000000000000000000005 /* TiltVolumeController.swift */; };
		A10000000000000000000006 /* VolumeManager.swift in Sources */ = {isa = PBXBuildFile; fileRef = A20000000000000000000006 /* VolumeManager.swift */; };
		A10000000000000000000007 /* StartGraVolIntent.swift in Sources */ = {isa = PBXBuildFile; fileRef = A20000000000000000000007 /* StartGraVolIntent.swift */; };
		A10000000000000000000008 /* GraVolShortcutsProvider.swift in Sources */ = {isa = PBXBuildFile; fileRef = A20000000000000000000008 /* GraVolShortcutsProvider.swift */; };
		A10000000000000000000009 /* Assets.xcassets in Resources */ = {isa = PBXBuildFile; fileRef = A20000000000000000000009 /* Assets.xcassets */; };
		A10000000000000000000011 /* GraVolLiveActivityController.swift in Sources */ = {isa = PBXBuildFile; fileRef = A20000000000000000000012 /* GraVolLiveActivityController.swift */; };
		A10000000000000000000012 /* GraVolLiveActivityShared.swift in Sources */ = {isa = PBXBuildFile; fileRef = A20000000000000000000013 /* GraVolLiveActivityShared.swift */; };
		A10000000000000000000013 /* LiveActivityControlIntents.swift in Sources */ = {isa = PBXBuildFile; fileRef = A20000000000000000000014 /* LiveActivityControlIntents.swift */; };
		B10000000000000000000001 /* GraVolControlWidgetBundle.swift in Sources */ = {isa = PBXBuildFile; fileRef = A20000000000000000000016 /* GraVolControlWidgetBundle.swift */; };
		B10000000000000000000002 /* GraVolControlLiveActivityWidget.swift in Sources */ = {isa = PBXBuildFile; fileRef = A20000000000000000000017 /* GraVolControlLiveActivityWidget.swift */; };
		B10000000000000000000003 /* GraVolLiveActivityShared.swift in Sources */ = {isa = PBXBuildFile; fileRef = A20000000000000000000013 /* GraVolLiveActivityShared.swift */; };
		B10000000000000000000004 /* LiveActivityControlIntents.swift in Sources */ = {isa = PBXBuildFile; fileRef = A20000000000000000000014 /* LiveActivityControlIntents.swift */; };
		B10000000000000000000005 /* GraVolControlWidget.appex in Embed App Extensions */ = {isa = PBXBuildFile; fileRef = A20000000000000000000015 /* GraVolControlWidget.appex */; settings = {ATTRIBUTES = (RemoveHeadersOnCopy, ); }; };
		B10000000000000000000006 /* GraVolControlHomeWidget.swift in Sources */ = {isa = PBXBuildFile; fileRef = A20000000000000000000019 /* GraVolControlHomeWidget.swift */; };
/* End PBXBuildFile section */

/* Begin PBXFileReference section */
		A20000000000000000000000 /* GraVolControl.app */ = {isa = PBXFileReference; explicitFileType = wrapper.application; includeInIndex = 0; path = GraVolControl.app; sourceTree = BUILT_PRODUCTS_DIR; };
		A20000000000000000000001 /* GraVolControlApp.swift */ = {isa = PBXFileReference; lastKnownFileType = sourcecode.swift; path = GraVolControlApp.swift; sourceTree = "<group>"; };
		A20000000000000000000002 /* AppModel.swift */ = {isa = PBXFileReference; lastKnownFileType = sourcecode.swift; path = AppModel.swift; sourceTree = "<group>"; };
		A20000000000000000000003 /* ContentView.swift */ = {isa = PBXFileReference; lastKnownFileType = sourcecode.swift; path = ContentView.swift; sourceTree = "<group>"; };
		A20000000000000000000004 /* SystemVolumeBridgeView.swift */ = {isa = PBXFileReference; lastKnownFileType = sourcecode.swift; path = SystemVolumeBridgeView.swift; sourceTree = "<group>"; };
		A20000000000000000000005 /* TiltVolumeController.swift */ = {isa = PBXFileReference; lastKnownFileType = sourcecode.swift; path = TiltVolumeController.swift; sourceTree = "<group>"; };
		A20000000000000000000006 /* VolumeManager.swift */ = {isa = PBXFileReference; lastKnownFileType = sourcecode.swift; path = VolumeManager.swift; sourceTree = "<group>"; };
		A20000000000000000000007 /* StartGraVolIntent.swift */ = {isa = PBXFileReference; lastKnownFileType = sourcecode.swift; path = StartGraVolIntent.swift; sourceTree = "<group>"; };
		A20000000000000000000008 /* GraVolShortcutsProvider.swift */ = {isa = PBXFileReference; lastKnownFileType = sourcecode.swift; path = GraVolShortcutsProvider.swift; sourceTree = "<group>"; };
		A20000000000000000000009 /* Assets.xcassets */ = {isa = PBXFileReference; lastKnownFileType = folder.assetcatalog; path = Assets.xcassets; sourceTree = "<group>"; };
		A20000000000000000000010 /* Info.plist */ = {isa = PBXFileReference; lastKnownFileType = text.plist.xml; path = Info.plist; sourceTree = "<group>"; };
		A20000000000000000000012 /* GraVolLiveActivityController.swift */ = {isa = PBXFileReference; lastKnownFileType = sourcecode.swift; path = GraVolLiveActivityController.swift; sourceTree = "<group>"; };
		A20000000000000000000013 /* GraVolLiveActivityShared.swift */ = {isa = PBXFileReference; lastKnownFileType = sourcecode.swift; path = GraVolLiveActivityShared.swift; sourceTree = "<group>"; };
		A20000000000000000000014 /* LiveActivityControlIntents.swift */ = {isa = PBXFileReference; lastKnownFileType = sourcecode.swift; path = LiveActivityControlIntents.swift; sourceTree = "<group>"; };
		A20000000000000000000015 /* GraVolControlWidget.appex */ = {isa = PBXFileReference; explicitFileType = "wrapper.app-extension"; includeInIndex = 0; path = GraVolControlWidget.appex; sourceTree = BUILT_PRODUCTS_DIR; };
		A20000000000000000000016 /* GraVolControlWidgetBundle.swift */ = {isa = PBXFileReference; lastKnownFileType = sourcecode.swift; path = GraVolControlWidgetBundle.swift; sourceTree = "<group>"; };
		A20000000000000000000017 /* GraVolControlLiveActivityWidget.swift */ = {isa = PBXFileReference; lastKnownFileType = sourcecode.swift; path = GraVolControlLiveActivityWidget.swift; sourceTree = "<group>"; };
		A20000000000000000000018 /* Info.plist */ = {isa = PBXFileReference; lastKnownFileType = text.plist.xml; path = Info.plist; sourceTree = "<group>"; };
		A20000000000000000000019 /* GraVolControlHomeWidget.swift */ = {isa = PBXFileReference; lastKnownFileType = sourcecode.swift; path = GraVolControlHomeWidget.swift; sourceTree = "<group>"; };
/* End PBXFileReference section */

/* Begin PBXFrameworksBuildPhase section */
		A30000000000000000000001 /* Frameworks */ = {
			isa = PBXFrameworksBuildPhase;
			buildActionMask = 2147483647;
			files = (
			);
			runOnlyForDeploymentPostprocessing = 0;
		};
		B30000000000000000000001 /* Frameworks */ = {
			isa = PBXFrameworksBuildPhase;
			buildActionMask = 2147483647;
			files = (
			);
			runOnlyForDeploymentPostprocessing = 0;
		};
/* End PBXFrameworksBuildPhase section */

/* Begin PBXCopyFilesBuildPhase section */
		B30000000000000000000004 /* Embed App Extensions */ = {
			isa = PBXCopyFilesBuildPhase;
			buildActionMask = 2147483647;
			dstPath = "";
			dstSubfolderSpec = 13;
			files = (
				B10000000000000000000005 /* GraVolControlWidget.appex in Embed App Extensions */,
			);
			runOnlyForDeploymentPostprocessing = 0;
		};
/* End PBXCopyFilesBuildPhase section */

/* Begin PBXGroup section */
			A40000000000000000000001 = {
				isa = PBXGroup;
				children = (
					A40000000000000000000002 /* GraVolControl */,
					A40000000000000000000010 /* GraVolControlWidget */,
					A40000000000000000000003 /* Products */,
				);
				sourceTree = "<group>";
			};
		A40000000000000000000002 /* GraVolControl */ = {
			isa = PBXGroup;
			children = (
				A40000000000000000000004 /* App */,
					A40000000000000000000005 /* Features */,
					A40000000000000000000006 /* Services */,
					A40000000000000000000007 /* Intents */,
					A40000000000000000000009 /* Shared */,
					A20000000000000000000009 /* Assets.xcassets */,
					A20000000000000000000010 /* Info.plist */,
				);
			path = GraVolControl;
			sourceTree = "<group>";
		};
			A40000000000000000000003 /* Products */ = {
				isa = PBXGroup;
				children = (
					A20000000000000000000000 /* GraVolControl.app */,
					A20000000000000000000015 /* GraVolControlWidget.appex */,
				);
				name = Products;
				sourceTree = "<group>";
			};
			A40000000000000000000004 /* App */ = {
				isa = PBXGroup;
				children = (
					A20000000000000000000001 /* GraVolControlApp.swift */,
					A20000000000000000000002 /* AppModel.swift */,
					A20000000000000000000012 /* GraVolLiveActivityController.swift */,
				);
				path = App;
				sourceTree = "<group>";
			};
		A40000000000000000000005 /* Features */ = {
			isa = PBXGroup;
			children = (
				A40000000000000000000008 /* Main */,
			);
			path = Features;
			sourceTree = "<group>";
		};
		A40000000000000000000006 /* Services */ = {
			isa = PBXGroup;
			children = (
				A20000000000000000000005 /* TiltVolumeController.swift */,
				A20000000000000000000006 /* VolumeManager.swift */,
			);
			path = Services;
			sourceTree = "<group>";
		};
			A40000000000000000000007 /* Intents */ = {
				isa = PBXGroup;
				children = (
					A20000000000000000000007 /* StartGraVolIntent.swift */,
					A20000000000000000000008 /* GraVolShortcutsProvider.swift */,
					A20000000000000000000014 /* LiveActivityControlIntents.swift */,
				);
				path = Intents;
				sourceTree = "<group>";
			};
		A40000000000000000000008 /* Main */ = {
			isa = PBXGroup;
			children = (
				A20000000000000000000003 /* ContentView.swift */,
				A20000000000000000000004 /* SystemVolumeBridgeView.swift */,
			);
			path = Main;
			sourceTree = "<group>";
		};
			A40000000000000000000009 /* Shared */ = {
				isa = PBXGroup;
				children = (
					A20000000000000000000013 /* GraVolLiveActivityShared.swift */,
				);
				path = Shared;
				sourceTree = "<group>";
			};
			A40000000000000000000010 /* GraVolControlWidget */ = {
				isa = PBXGroup;
				children = (
					A20000000000000000000016 /* GraVolControlWidgetBundle.swift */,
					A20000000000000000000017 /* GraVolControlLiveActivityWidget.swift */,
					A20000000000000000000019 /* GraVolControlHomeWidget.swift */,
					A20000000000000000000018 /* Info.plist */,
				);
				path = GraVolControlWidget;
				sourceTree = "<group>";
			};
/* End PBXGroup section */

/* Begin PBXContainerItemProxy section */
		B60000000000000000000001 /* PBXContainerItemProxy */ = {
			isa = PBXContainerItemProxy;
			containerPortal = A60000000000000000000001 /* Project object */;
			proxyType = 1;
			remoteGlobalIDString = B50000000000000000000001;
			remoteInfo = GraVolControlWidget;
		};
/* End PBXContainerItemProxy section */

/* Begin PBXNativeTarget section */
		A50000000000000000000001 /* GraVolControl */ = {
			isa = PBXNativeTarget;
			buildConfigurationList = A80000000000000000000002 /* Build configuration list for PBXNativeTarget "GraVolControl" */;
			buildPhases = (
				A30000000000000000000002 /* Sources */,
				A30000000000000000000001 /* Frameworks */,
				A30000000000000000000003 /* Resources */,
				B30000000000000000000004 /* Embed App Extensions */,
			);
			buildRules = (
			);
			dependencies = (
				B60000000000000000000002 /* PBXTargetDependency */,
			);
			name = GraVolControl;
			productName = GraVolControl;
			productReference = A20000000000000000000000 /* GraVolControl.app */;
			productType = "com.apple.product-type.application";
		};
		B50000000000000000000001 /* GraVolControlWidget */ = {
			isa = PBXNativeTarget;
			buildConfigurationList = B80000000000000000000001 /* Build configuration list for PBXNativeTarget "GraVolControlWidget" */;
			buildPhases = (
				B30000000000000000000002 /* Sources */,
				B30000000000000000000001 /* Frameworks */,
				B30000000000000000000003 /* Resources */,
			);
			buildRules = (
			);
			dependencies = (
			);
			name = GraVolControlWidget;
			productName = GraVolControlWidget;
			productReference = A20000000000000000000015 /* GraVolControlWidget.appex */;
			productType = "com.apple.product-type.app-extension";
		};
/* End PBXNativeTarget section */

/* Begin PBXTargetDependency section */
		B60000000000000000000002 /* PBXTargetDependency */ = {
			isa = PBXTargetDependency;
			target = B50000000000000000000001 /* GraVolControlWidget */;
			targetProxy = B60000000000000000000001 /* PBXContainerItemProxy */;
		};
/* End PBXTargetDependency section */

/* Begin PBXProject section */
		A60000000000000000000001 /* Project object */ = {
			isa = PBXProject;
			attributes = {
				BuildIndependentTargetsInParallel = 1;
				LastSwiftUpdateCheck = 1600;
				LastUpgradeCheck = 2630;
				TargetAttributes = {
					A50000000000000000000001 = {
						CreatedOnToolsVersion = 16.0;
					};
					B50000000000000000000001 = {
						CreatedOnToolsVersion = 16.0;
					};
				};
			};
			buildConfigurationList = A80000000000000000000001 /* Build configuration list for PBXProject "GraVolControl" */;
			compatibilityVersion = "Xcode 14.0";
			developmentRegion = en;
			hasScannedForEncodings = 0;
			knownRegions = (
				en,
				Base,
			);
			mainGroup = A40000000000000000000001;
			productRefGroup = A40000000000000000000003 /* Products */;
			projectDirPath = "";
			projectRoot = "";
			targets = (
				A50000000000000000000001 /* GraVolControl */,
				B50000000000000000000001 /* GraVolControlWidget */,
			);
		};
/* End PBXProject section */

/* Begin PBXResourcesBuildPhase section */
		A30000000000000000000003 /* Resources */ = {
			isa = PBXResourcesBuildPhase;
			buildActionMask = 2147483647;
			files = (
				A10000000000000000000009 /* Assets.xcassets in Resources */,
			);
			runOnlyForDeploymentPostprocessing = 0;
		};
		B30000000000000000000003 /* Resources */ = {
			isa = PBXResourcesBuildPhase;
			buildActionMask = 2147483647;
			files = (
			);
			runOnlyForDeploymentPostprocessing = 0;
		};
/* End PBXResourcesBuildPhase section */

/* Begin PBXSourcesBuildPhase section */
		A30000000000000000000002 /* Sources */ = {
			isa = PBXSourcesBuildPhase;
			buildActionMask = 2147483647;
			files = (
				A10000000000000000000001 /* GraVolControlApp.swift in Sources */,
				A10000000000000000000002 /* AppModel.swift in Sources */,
				A10000000000000000000011 /* GraVolLiveActivityController.swift in Sources */,
				A10000000000000000000003 /* ContentView.swift in Sources */,
				A10000000000000000000004 /* SystemVolumeBridgeView.swift in Sources */,
				A10000000000000000000005 /* TiltVolumeController.swift in Sources */,
				A10000000000000000000006 /* VolumeManager.swift in Sources */,
				A10000000000000000000012 /* GraVolLiveActivityShared.swift in Sources */,
				A10000000000000000000007 /* StartGraVolIntent.swift in Sources */,
				A10000000000000000000008 /* GraVolShortcutsProvider.swift in Sources */,
				A10000000000000000000013 /* LiveActivityControlIntents.swift in Sources */,
			);
			runOnlyForDeploymentPostprocessing = 0;
		};
		B30000000000000000000002 /* Sources */ = {
			isa = PBXSourcesBuildPhase;
			buildActionMask = 2147483647;
			files = (
				B10000000000000000000001 /* GraVolControlWidgetBundle.swift in Sources */,
				B10000000000000000000002 /* GraVolControlLiveActivityWidget.swift in Sources */,
				B10000000000000000000006 /* GraVolControlHomeWidget.swift in Sources */,
				B10000000000000000000003 /* GraVolLiveActivityShared.swift in Sources */,
				B10000000000000000000004 /* LiveActivityControlIntents.swift in Sources */,
			);
			runOnlyForDeploymentPostprocessing = 0;
		};
/* End PBXSourcesBuildPhase section */

/* Begin XCBuildConfiguration section */
		A70000000000000000000001 /* Debug */ = {
			isa = XCBuildConfiguration;
			buildSettings = {
				ALWAYS_SEARCH_USER_PATHS = NO;
				ASSETCATALOG_COMPILER_GENERATE_SWIFT_ASSET_SYMBOL_EXTENSIONS = YES;
				CLANG_ENABLE_MODULES = YES;
				CLANG_ENABLE_OBJC_ARC = YES;
				CLANG_WARN_BLOCK_CAPTURE_AUTORELEASING = YES;
				CLANG_WARN_BOOL_CONVERSION = YES;
				CLANG_WARN_COMMA = YES;
				CLANG_WARN_CONSTANT_CONVERSION = YES;
				CLANG_WARN_DEPRECATED_OBJC_IMPLEMENTATIONS = YES;
				CLANG_WARN_DOCUMENTATION_COMMENTS = YES;
				CLANG_WARN_EMPTY_BODY = YES;
				CLANG_WARN_ENUM_CONVERSION = YES;
				CLANG_WARN_INFINITE_RECURSION = YES;
				CLANG_WARN_INT_CONVERSION = YES;
				CLANG_WARN_NON_LITERAL_NULL_CONVERSION = YES;
				CLANG_WARN_OBJC_IMPLICIT_RETAIN_SELF = YES;
				CLANG_WARN_OBJC_LITERAL_CONVERSION = YES;
				CLANG_WARN_QUOTED_INCLUDE_IN_FRAMEWORK_HEADER = YES;
				CLANG_WARN_RANGE_LOOP_ANALYSIS = YES;
				CLANG_WARN_STRICT_PROTOTYPES = YES;
				CLANG_WARN_SUSPICIOUS_MOVE = YES;
				CLANG_WARN_UNGUARDED_AVAILABILITY = YES_AGGRESSIVE;
				CLANG_WARN_UNREACHABLE_CODE = YES;
				CLANG_WARN__DUPLICATE_METHOD_MATCH = YES;
				COPY_PHASE_STRIP = NO;
				DEBUG_INFORMATION_FORMAT = dwarf;
				ENABLE_STRICT_OBJC_MSGSEND = YES;
				ENABLE_TESTABILITY = YES;
				ENABLE_USER_SCRIPT_SANDBOXING = YES;
				GCC_C_LANGUAGE_STANDARD = gnu17;
				GCC_NO_COMMON_BLOCKS = YES;
				GCC_OPTIMIZATION_LEVEL = 0;
				GCC_PREPROCESSOR_DEFINITIONS = (
					"DEBUG=1",
					"$(inherited)",
				);
				GCC_WARN_64_TO_32_BIT_CONVERSION = YES;
				GCC_WARN_ABOUT_RETURN_TYPE = YES;
				GCC_WARN_UNDECLARED_SELECTOR = YES;
				GCC_WARN_UNINITIALIZED_AUTOS = YES;
				GCC_WARN_UNUSED_FUNCTION = YES;
				GCC_WARN_UNUSED_VARIABLE = YES;
				IPHONEOS_DEPLOYMENT_TARGET = 17.0;
				ONLY_ACTIVE_ARCH = YES;
				SDKROOT = iphoneos;
				STRING_CATALOG_GENERATE_SYMBOLS = YES;
				SWIFT_ACTIVE_COMPILATION_CONDITIONS = DEBUG;
				SWIFT_OPTIMIZATION_LEVEL = "-Onone";
			};
			name = Debug;
		};
		A70000000000000000000002 /* Release */ = {
			isa = XCBuildConfiguration;
			buildSettings = {
				ALWAYS_SEARCH_USER_PATHS = NO;
				ASSETCATALOG_COMPILER_GENERATE_SWIFT_ASSET_SYMBOL_EXTENSIONS = YES;
				CLANG_ENABLE_MODULES = YES;
				CLANG_ENABLE_OBJC_ARC = YES;
				CLANG_WARN_BLOCK_CAPTURE_AUTORELEASING = YES;
				CLANG_WARN_BOOL_CONVERSION = YES;
				CLANG_WARN_COMMA = YES;
				CLANG_WARN_CONSTANT_CONVERSION = YES;
				CLANG_WARN_DEPRECATED_OBJC_IMPLEMENTATIONS = YES;
				CLANG_WARN_DOCUMENTATION_COMMENTS = YES;
				CLANG_WARN_EMPTY_BODY = YES;
				CLANG_WARN_ENUM_CONVERSION = YES;
				CLANG_WARN_INFINITE_RECURSION = YES;
				CLANG_WARN_INT_CONVERSION = YES;
				CLANG_WARN_NON_LITERAL_NULL_CONVERSION = YES;
				CLANG_WARN_OBJC_IMPLICIT_RETAIN_SELF = YES;
				CLANG_WARN_OBJC_LITERAL_CONVERSION = YES;
				CLANG_WARN_QUOTED_INCLUDE_IN_FRAMEWORK_HEADER = YES;
				CLANG_WARN_RANGE_LOOP_ANALYSIS = YES;
				CLANG_WARN_STRICT_PROTOTYPES = YES;
				CLANG_WARN_SUSPICIOUS_MOVE = YES;
				CLANG_WARN_UNGUARDED_AVAILABILITY = YES_AGGRESSIVE;
				CLANG_WARN_UNREACHABLE_CODE = YES;
				CLANG_WARN__DUPLICATE_METHOD_MATCH = YES;
				COPY_PHASE_STRIP = NO;
				DEBUG_INFORMATION_FORMAT = "dwarf-with-dsym";
				ENABLE_NS_ASSERTIONS = NO;
				ENABLE_STRICT_OBJC_MSGSEND = YES;
				ENABLE_USER_SCRIPT_SANDBOXING = YES;
				GCC_C_LANGUAGE_STANDARD = gnu17;
				GCC_NO_COMMON_BLOCKS = YES;
				GCC_WARN_64_TO_32_BIT_CONVERSION = YES;
				GCC_WARN_ABOUT_RETURN_TYPE = YES;
				GCC_WARN_UNDECLARED_SELECTOR = YES;
				GCC_WARN_UNINITIALIZED_AUTOS = YES;
				GCC_WARN_UNUSED_FUNCTION = YES;
				GCC_WARN_UNUSED_VARIABLE = YES;
				IPHONEOS_DEPLOYMENT_TARGET = 17.0;
				SDKROOT = iphoneos;
				STRING_CATALOG_GENERATE_SYMBOLS = YES;
				SWIFT_COMPILATION_MODE = wholemodule;
				SWIFT_OPTIMIZATION_LEVEL = "-O";
			};
			name = Release;
		};
		A70000000000000000000003 /* Debug */ = {
			isa = XCBuildConfiguration;
			buildSettings = {
				ASSETCATALOG_COMPILER_APPICON_NAME = AppIcon;
				CODE_SIGN_STYLE = Automatic;
				CODE_SIGN_ENTITLEMENTS = GraVolControl/GraVolControl.entitlements;
				CURRENT_PROJECT_VERSION = 1;
				DEVELOPMENT_TEAM = "";
				ENABLE_PREVIEWS = YES;
				GENERATE_INFOPLIST_FILE = NO;
				INFOPLIST_FILE = GraVolControl/Info.plist;
				INFOPLIST_KEY_LSApplicationCategoryType = "public.app-category.productivity";
				INFOPLIST_KEY_UIApplicationSupportsIndirectInputEvents = YES;
				IPHONEOS_DEPLOYMENT_TARGET = 26.0;
				LD_RUNPATH_SEARCH_PATHS = (
					"$(inherited)",
					"@executable_path/Frameworks",
				);
				MARKETING_VERSION = 1.0;
				PRODUCT_BUNDLE_IDENTIFIER = com.sarsiz.GraVolControl;
				PRODUCT_NAME = "$(TARGET_NAME)";
				SUPPORTED_PLATFORMS = "iphoneos iphonesimulator";
				SWIFT_EMIT_LOC_STRINGS = YES;
				SWIFT_VERSION = 5.0;
				TARGETED_DEVICE_FAMILY = "1,2";
			};
			name = Debug;
		};
		A70000000000000000000004 /* Release */ = {
			isa = XCBuildConfiguration;
			buildSettings = {
				ASSETCATALOG_COMPILER_APPICON_NAME = AppIcon;
				CODE_SIGN_STYLE = Automatic;
				CODE_SIGN_ENTITLEMENTS = GraVolControl/GraVolControl.entitlements;
				CURRENT_PROJECT_VERSION = 1;
				DEVELOPMENT_TEAM = "";
				ENABLE_PREVIEWS = YES;
				GENERATE_INFOPLIST_FILE = NO;
				INFOPLIST_FILE = GraVolControl/Info.plist;
				INFOPLIST_KEY_LSApplicationCategoryType = "public.app-category.productivity";
				INFOPLIST_KEY_UIApplicationSupportsIndirectInputEvents = YES;
				IPHONEOS_DEPLOYMENT_TARGET = 26.0;
				LD_RUNPATH_SEARCH_PATHS = (
					"$(inherited)",
					"@executable_path/Frameworks",
				);
				MARKETING_VERSION = 1.0;
				PRODUCT_BUNDLE_IDENTIFIER = com.sarsiz.GraVolControl;
				PRODUCT_NAME = "$(TARGET_NAME)";
				SUPPORTED_PLATFORMS = "iphoneos iphonesimulator";
				SWIFT_EMIT_LOC_STRINGS = YES;
				SWIFT_VERSION = 5.0;
				TARGETED_DEVICE_FAMILY = "1,2";
			};
			name = Release;
		};
		B70000000000000000000001 /* Debug */ = {
			isa = XCBuildConfiguration;
			buildSettings = {
				APPLICATION_EXTENSION_API_ONLY = YES;
				CODE_SIGN_STYLE = Automatic;
				CODE_SIGN_ENTITLEMENTS = GraVolControlWidget/GraVolControlWidget.entitlements;
				CURRENT_PROJECT_VERSION = 1;
				DEVELOPMENT_TEAM = "";
				GENERATE_INFOPLIST_FILE = NO;
				INFOPLIST_FILE = GraVolControlWidget/Info.plist;
				IPHONEOS_DEPLOYMENT_TARGET = 17.0;
				LD_RUNPATH_SEARCH_PATHS = (
					"$(inherited)",
					"@executable_path/Frameworks",
					"@executable_path/../../Frameworks",
				);
				MARKETING_VERSION = 1.0;
				PRODUCT_BUNDLE_IDENTIFIER = com.sarsiz.GraVolControl.Widget;
				PRODUCT_NAME = "$(TARGET_NAME)";
				SKIP_INSTALL = YES;
				SUPPORTED_PLATFORMS = "iphoneos iphonesimulator";
				SWIFT_VERSION = 5.0;
				TARGETED_DEVICE_FAMILY = "1,2";
			};
			name = Debug;
		};
		B70000000000000000000002 /* Release */ = {
			isa = XCBuildConfiguration;
			buildSettings = {
				APPLICATION_EXTENSION_API_ONLY = YES;
				CODE_SIGN_STYLE = Automatic;
				CODE_SIGN_ENTITLEMENTS = GraVolControlWidget/GraVolControlWidget.entitlements;
				CURRENT_PROJECT_VERSION = 1;
				DEVELOPMENT_TEAM = "";
				GENERATE_INFOPLIST_FILE = NO;
				INFOPLIST_FILE = GraVolControlWidget/Info.plist;
				IPHONEOS_DEPLOYMENT_TARGET = 17.0;
				LD_RUNPATH_SEARCH_PATHS = (
					"$(inherited)",
					"@executable_path/Frameworks",
					"@executable_path/../../Frameworks",
				);
				MARKETING_VERSION = 1.0;
				PRODUCT_BUNDLE_IDENTIFIER = com.sarsiz.GraVolControl.Widget;
				PRODUCT_NAME = "$(TARGET_NAME)";
				SKIP_INSTALL = YES;
				SUPPORTED_PLATFORMS = "iphoneos iphonesimulator";
				SWIFT_VERSION = 5.0;
				TARGETED_DEVICE_FAMILY = "1,2";
			};
			name = Release;
		};
/* End XCBuildConfiguration section */

/* Begin XCConfigurationList section */
		A80000000000000000000001 /* Build configuration list for PBXProject "GraVolControl" */ = {
			isa = XCConfigurationList;
			buildConfigurations = (
				A70000000000000000000001 /* Debug */,
				A70000000000000000000002 /* Release */,
			);
			defaultConfigurationIsVisible = 0;
			defaultConfigurationName = Release;
		};
		A80000000000000000000002 /* Build configuration list for PBXNativeTarget "GraVolControl" */ = {
			isa = XCConfigurationList;
			buildConfigurations = (
				A70000000000000000000003 /* Debug */,
				A70000000000000000000004 /* Release */,
			);
			defaultConfigurationIsVisible = 0;
			defaultConfigurationName = Release;
		};
		B80000000000000000000001 /* Build configuration list for PBXNativeTarget "GraVolControlWidget" */ = {
			isa = XCConfigurationList;
			buildConfigurations = (
				B70000000000000000000001 /* Debug */,
				B70000000000000000000002 /* Release */,
			);
			defaultConfigurationIsVisible = 0;
			defaultConfigurationName = Release;
		};
/* End XCConfigurationList section */
	};
	rootObject = A60000000000000000000001 /* Project object */;
}
